
Microsoft Visual Studio Solution File, Format Version 12.00
# Visual Studio 2012
Project("{8BC9CEB8-8B4A-11D0-8D11-00A0C91BC942}") = "Test", "Test\Test.vcxproj", "{AAFBA130-E951-40B6-8D8C-A9311ED1D23B}"
EndProject
Global
	GlobalSection(SolutionConfigurationPlatforms) = preSolution
		Debug|Win32 = Debug|Win32
		Release|Win32 = Release|Win32
	EndGlobalSection
	GlobalSection(ProjectConfigurationPlatforms) = postSolution
		{AAFBA130-E951-40B6-8D8C-A9311ED1D23B}.Debug|Win32.ActiveCfg = Debug|Win32
		{AAFBA130-E951-40B6-8D8C-A9311ED1D23B}.Debug|Win32.Build.0 = Debug|Win32
		{AAFBA130-E951-40B6-8D8C-A9311ED1D23B}.Release|Win32.ActiveCfg = Release|Win32
		{AAFBA130-E951-40B6-8D8C-A9311ED1D23B}.Release|Win32.Build.0 = Release|Win32
	EndGlobalSection
	GlobalSection(SolutionProperties) = preSolution
		HideSolutionNode = FALSE
	EndGlobalSection
EndGlobal
